// !$*UTF8*$!
{
	archiveVersion = 1;
	classes = {
	};
	objectVersion = 46;
	objects = {

/* Begin PBXBuildFile section */
		B5AF52471B3F0B9800CA092A /* AppDelegate.swift in Sources */ = {isa = PBXBuildFile; fileRef = B5AF52461B3F0B9800CA092A /* AppDelegate.swift */; };
		B5AF52491B3F0B9800CA092A /* ViewController.swift in Sources */ = {isa = PBXBuildFile; fileRef = B5AF52481B3F0B9800CA092A /* ViewController.swift */; };
		B5AF524C1B3F0B9800CA092A /* Main.storyboard in Resources */ = {isa = PBXBuildFile; fileRef = B5AF524A1B3F0B9800CA092A /* Main.storyboard */; };
		B5AF524E1B3F0B9800CA092A /* Images.xcassets in Resources */ = {isa = PBXBuildFile; fileRef = B5AF524D1B3F0B9800CA092A /* Images.xcassets */; };
		B5AF52511B3F0B9800CA092A /* LaunchScreen.xib in Resources */ = {isa = PBXBuildFile; fileRef = B5AF524F1B3F0B9800CA092A /* LaunchScreen.xib */; };
		B5AF525D1B3F0B9800CA092A /* CF_HW8Tests.swift in Sources */ = {isa = PBXBuildFile; fileRef = B5AF525C1B3F0B9800CA092A /* CF_HW8Tests.swift */; };
/* End PBXBuildFile section */

/* Begin PBXContainerItemProxy section */
		B5AF52571B3F0B9800CA092A /* PBXContainerItemProxy */ = {
			isa = PBXContainerItemProxy;
			containerPortal = B5AF52391B3F0B9800CA092A /* Project object */;
			proxyType = 1;
			remoteGlobalIDString = B5AF52401B3F0B9800CA092A;
			remoteInfo = "CF-HW8";
		};
/* End PBXContainerItemProxy section */

/* Begin PBXFileReference section */
		B5AF52411B3F0B9800CA092A /* CF-HW8.app */ = {isa = PBXFileReference; explicitFileType = wrapper.application; includeInIndex = 0; path = "CF-HW8.app"; sourceTree = BUILT_PRODUCTS_DIR; };
		B5AF52451B3F0B9800CA092A /* Info.plist */ = {isa = PBXFileReference; lastKnownFileType = text.plist.xml; path = Info.plist; sourceTree = "<group>"; };
		B5AF52461B3F0B9800CA092A /* AppDelegate.swift */ = {isa = PBXFileReference; lastKnownFileType = sourcecode.swift; path = AppDelegate.swift; sourceTree = "<group>"; };
		B5AF52481B3F0B9800CA092A /* ViewController.swift */ = {isa = PBXFileReference; lastKnownFileType = sourcecode.swift; path = ViewController.swift; sourceTree = "<group>"; };
		B5AF524B1B3F0B9800CA092A /* Base */ = {isa = PBXFileReference; lastKnownFileType = file.storyboard; name = Base; path = Base.lproj/Main.storyboard; sourceTree = "<group>"; };
		B5AF524D1B3F0B9800CA092A /* Images.xcassets */ = {isa = PBXFileReference; lastKnownFileType = folder.assetcatalog; path = Images.xcassets; sourceTree = "<group>"; };
		B5AF52501B3F0B9800CA092A /* Base */ = {isa = PBXFileReference; lastKnownFileType = file.xib; name = Base; path = Base.lproj/LaunchScreen.xib; sourceTree = "<group>"; };
		B5AF52561B3F0B9800CA092A /* CF-HW8Tests.xctest */ = {isa = PBXFileReference; explicitFileType = wrapper.cfbundle; includeInIndex = 0; path = "CF-HW8Tests.xctest"; sourceTree = BUILT_PRODUCTS_DIR; };
		B5AF525B1B3F0B9800CA092A /* Info.plist */ = {isa = PBXFileReference; lastKnownFileType = text.plist.xml; path = Info.plist; sourceTree = "<group>"; };
		B5AF525C1B3F0B9800CA092A /* CF_HW8Tests.swift */ = {isa = PBXFileReference; lastKnownFileType = sourcecode.swift; path = CF_HW8Tests.swift; sourceTree = "<group>"; };
/* End PBXFileReference section */

/* Begin PBXFrameworksBuildPhase section */
		B5AF523E1B3F0B9800CA092A /* Frameworks */ = {
			isa = PBXFrameworksBuildPhase;
			buildActionMask = 2147483647;
			files = (
			);
			runOnlyForDeploymentPostprocessing = 0;
		};
		B5AF52531B3F0B9800CA092A /* Frameworks */ = {
			isa = PBXFrameworksBuildPhase;
			buildActionMask = 2147483647;
			files = (
			);
			runOnlyForDeploymentPostprocessing = 0;
		};
/* End PBXFrameworksBuildPhase section */

/* Begin PBXGroup section */
		B5AF52381B3F0B9800CA092A = {
			isa = PBXGroup;
			children = (
				B5AF52431B3F0B9800CA092A /* CF-HW8 */,
				B5AF52591B3F0B9800CA092A /* CF-HW8Tests */,
				B5AF52421B3F0B9800CA092A /* Products */,
			);
			sourceTree = "<group>";
		};
		B5AF52421B3F0B9800CA092A /* Products */ = {
			isa = PBXGroup;
			children = (
				B5AF52411B3F0B9800CA092A /* CF-HW8.app */,
				B5AF52561B3F0B9800CA092A /* CF-HW8Tests.xctest */,
			);
			name = Products;
			sourceTree = "<group>";
		};
		B5AF52431B3F0B9800CA092A /* CF-HW8 */ = {
			isa = PBXGroup;
			children = (
				B5AF52461B3F0B9800CA092A /* AppDelegate.swift */,
				B5AF52481B3F0B9800CA092A /* ViewController.swift */,
				B5AF524A1B3F0B9800CA092A /* Main.storyboard */,
				B5AF524D1B3F0B9800CA092A /* Images.xcassets */,
				B5AF524F1B3F0B9800CA092A /* LaunchScreen.xib */,
				B5AF52441B3F0B9800CA092A /* Supporting Files */,
			);
			path = "CF-HW8";
			sourceTree = "<group>";
		};
		B5AF52441B3F0B9800CA092A /* Supporting Files */ = {
			isa = PBXGroup;
			children = (
				B5AF52451B3F0B9800CA092A /* Info.plist */,
			);
			name = "Supporting Files";
			sourceTree = "<group>";
		};
		B5AF52591B3F0B9800CA092A /* CF-HW8Tests */ = {
			isa = PBXGroup;
			children = (
				B5AF525C1B3F0B9800CA092A /* CF_HW8Tests.swift */,
				B5AF525A1B3F0B9800CA092A /* Supporting Files */,
			);
			path = "CF-HW8Tests";
			sourceTree = "<group>";
		};
		B5AF525A1B3F0B9800CA092A /* Supporting Files */ = {
			isa = PBXGroup;
			children = (
				B5AF525B1B3F0B9800CA092A /* Info.plist */,
			);
			name = "Supporting Files";
			sourceTree = "<group>";
		};
/* End PBXGroup section */

/* Begin PBXNativeTarget section */
		B5AF52401B3F0B9800CA092A /* CF-HW8 */ = {
			isa = PBXNativeTarget;
			buildConfigurationList = B5AF52601B3F0B9800CA092A /* Build configuration list for PBXNativeTarget "CF-HW8" */;
			buildPhases = (
				B5AF523D1B3F0B9800CA092A /* Sources */,
				B5AF523E1B3F0B9800CA092A /* Frameworks */,
				B5AF523F1B3F0B9800CA092A /* Resources */,
			);
			buildRules = (
			);
			dependencies = (
			);
			name = "CF-HW8";
			productName = "CF-HW8";
			productReference = B5AF52411B3F0B9800CA092A /* CF-HW8.app */;
			productType = "com.apple.product-type.application";
		};
		B5AF52551B3F0B9800CA092A /* CF-HW8Tests */ = {
			isa = PBXNativeTarget;
			buildConfigurationList = B5AF52631B3F0B9800CA092A /* Build configuration list for PBXNativeTarget "CF-HW8Tests" */;
			buildPhases = (
				B5AF52521B3F0B9800CA092A /* Sources */,
				B5AF52531B3F0B9800CA092A /* Frameworks */,
				B5AF52541B3F0B9800CA092A /* Resources */,
			);
			buildRules = (
			);
			dependencies = (
				B5AF52581B3F0B9800CA092A /* PBXTargetDependency */,
			);
			name = "CF-HW8Tests";
			productName = "CF-HW8Tests";
			productReference = B5AF52561B3F0B9800CA092A /* CF-HW8Tests.xctest */;
			productType = "com.apple.product-type.bundle.unit-test";
		};
/* End PBXNativeTarget section */

/* Begin PBXProject section */
		B5AF52391B3F0B9800CA092A /* Project object */ = {
			isa = PBXProject;
			attributes = {
				LastUpgradeCheck = 0630;
				ORGANIZATIONNAME = "Robert Vets";
				TargetAttributes = {
					B5AF52401B3F0B9800CA092A = {
						CreatedOnToolsVersion = 6.3.2;
					};
					B5AF52551B3F0B9800CA092A = {
						CreatedOnToolsVersion = 6.3.2;
						TestTargetID = B5AF52401B3F0B9800CA092A;
					};
				};
			};
			buildConfigurationList = B5AF523C1B3F0B9800CA092A /* Build configuration list for PBXProject "CF-HW8" */;
			compatibilityVersion = "Xcode 3.2";
			developmentRegion = English;
			hasScannedForEncodings = 0;
			knownRegions = (
				en,
				Base,
			);
			mainGroup = B5AF52381B3F0B9800CA092A;
			productRefGroup = B5AF52421B3F0B9800CA092A /* Products */;
			projectDirPath = "";
			projectRoot = "";
			targets = (
				B5AF52401B3F0B9800CA092A /* CF-HW8 */,
				B5AF52551B3F0B9800CA092A /* CF-HW8Tests */,
			);
		};
/* End PBXProject section */

/* Begin PBXResourcesBuildPhase section */
		B5AF523F1B3F0B9800CA092A /* Resources */ = {
			isa = PBXResourcesBuildPhase;
			buildActionMask = 2147483647;
			files = (
				B5AF524C1B3F0B9800CA092A /* Main.storyboard in Resources */,
				B5AF52511B3F0B9800CA092A /* LaunchScreen.xib in Resources */,
				B5AF524E1B3F0B9800CA092A /* Images.xcassets in Resources */,
			);
			runOnlyForDeploymentPostprocessing = 0;
		};
		B5AF52541B3F0B9800CA092A /* Resources */ = {
			isa = PBXResourcesBuildPhase;
			buildActionMask = 2147483647;
			files = (
			);
			runOnlyForDeploymentPostprocessing = 0;
		};
/* End PBXResourcesBuildPhase section */

/* Begin PBXSourcesBuildPhase section */
		B5AF523D1B3F0B9800CA092A /* Sources */ = {
			isa = PBXSourcesBuildPhase;
			buildActionMask = 2147483647;
			files = (
				B5AF52491B3F0B9800CA092A /* ViewController.swift in Sources */,
				B5AF52471B3F0B9800CA092A /* AppDelegate.swift in Sources */,
			);
			runOnlyForDeploymentPostprocessing = 0;
		};
		B5AF52521B3F0B9800CA092A /* Sources */ = {
			isa = PBXSourcesBuildPhase;
			buildActionMask = 2147483647;
			files = (
				B5AF525D1B3F0B9800CA092A /* CF_HW8Tests.swift in Sources */,
			);
			runOnlyForDeploymentPostprocessing = 0;
		};
/* End PBXSourcesBuildPhase section */

/* Begin PBXTargetDependency section */
		B5AF52581B3F0B9800CA092A /* PBXTargetDependency */ = {
			isa = PBXTargetDependency;
			target = B5AF52401B3F0B9800CA092A /* CF-HW8 */;
			targetProxy = B5AF52571B3F0B9800CA092A /* PBXContainerItemProxy */;
		};
/* End PBXTargetDependency section */

/* Begin PBXVariantGroup section */
		B5AF524A1B3F0B9800CA092A /* Main.storyboard */ = {
			isa = PBXVariantGroup;
			children = (
				B5AF524B1B3F0B9800CA092A /* Base */,
			);
			name = Main.storyboard;
			sourceTree = "<group>";
		};
		B5AF524F1B3F0B9800CA092A /* LaunchScreen.xib */ = {
			isa = PBXVariantGroup;
			children = (
				B5AF52501B3F0B9800CA092A /* Base */,
			);
			name = LaunchScreen.xib;
			sourceTree = "<group>";
		};
/* End PBXVariantGroup section */

/* Begin XCBuildConfiguration section */
		B5AF525E1B3F0B9800CA092A /* Debug */ = {
			isa = XCBuildConfiguration;
			buildSettings = {
				ALWAYS_SEARCH_USER_PATHS = NO;
				CLANG_CXX_LANGUAGE_STANDARD = "gnu++0x";
				CLANG_CXX_LIBRARY = "libc++";
				CLANG_ENABLE_MODULES = YES;
				CLANG_ENABLE_OBJC_ARC = YES;
				CLANG_WARN_BOOL_CONVERSION = YES;
				CLANG_WARN_CONSTANT_CONVERSION = YES;
				CLANG_WARN_DIRECT_OBJC_ISA_USAGE = YES_ERROR;
				CLANG_WARN_EMPTY_BODY = YES;
				CLANG_WARN_ENUM_CONVERSION = YES;
				CLANG_WARN_INT_CONVERSION = YES;
				CLANG_WARN_OBJC_ROOT_CLASS = YES_ERROR;
				CLANG_WARN_UNREACHABLE_CODE = YES;
				CLANG_WARN__DUPLICATE_METHOD_MATCH = YES;
				"CODE_SIGN_IDENTITY[sdk=iphoneos*]" = "iPhone Developer";
				COPY_PHASE_STRIP = NO;
				DEBUG_INFORMATION_FORMAT = "dwarf-with-dsym";
				ENABLE_STRICT_OBJC_MSGSEND = YES;
				GCC_C_LANGUAGE_STANDARD = gnu99;
				GCC_DYNAMIC_NO_PIC = NO;
				GCC_NO_COMMON_BLOCKS = YES;
				GCC_OPTIMIZATION_LEVEL = 0;
				GCC_PREPROCESSOR_DEFINITIONS = (
					"DEBUG=1",
					"$(inherited)",
				);
				GCC_SYMBOLS_PRIVATE_EXTERN = NO;
				GCC_WARN_64_TO_32_BIT_CONVERSION = YES;
				GCC_WARN_ABOUT_RETURN_TYPE = YES_ERROR;
				GCC_WARN_UNDECLARED_SELECTOR = YES;
				GCC_WARN_UNINITIALIZED_AUTOS = YES_AGGRESSIVE;
				GCC_WARN_UNUSED_FUNCTION = YES;
				GCC_WARN_UNUSED_VARIABLE = YES;
				IPHONEOS_DEPLOYMENT_TARGET = 8.3;
				MTL_ENABLE_DEBUG_INFO = YES;
				ONLY_ACTIVE_ARCH = YES;
				SDKROOT = iphoneos;
				SWIFT_OPTIMIZATION_LEVEL = "-Onone";
			};
			name = Debug;
		};
		B5AF525F1B3F0B9800CA092A /* Release */ = {
			isa = XCBuildConfiguration;
			buildSettings = {
				ALWAYS_SEARCH_USER_PATHS = NO;
				CLANG_CXX_LANGUAGE_STANDARD = "gnu++0x";
				CLANG_CXX_LIBRARY = "libc++";
				CLANG_ENABLE_MODULES = YES;
				CLANG_ENABLE_OBJC_ARC = YES;
				CLANG_WARN_BOOL_CONVERSION = YES;
				CLANG_WARN_CONSTANT_CONVERSION = YES;
				CLANG_WARN_DIRECT_OBJC_ISA_USAGE = YES_ERROR;
				CLANG_WARN_EMPTY_BODY = YES;
				CLANG_WARN_ENUM_CONVERSION = YES;
				CLANG_WARN_INT_CONVERSION = YES;
				CLANG_WARN_OBJC_ROOT_CLASS = YES_ERROR;
				CLANG_WARN_UNREACHABLE_CODE = YES;
				CLANG_WARN__DUPLICATE_METHOD_MATCH = YES;
				"CODE_SIGN_IDENTITY[sdk=iphoneos*]" = "iPhone Developer";
				COPY_PHASE_STRIP = NO;
				DEBUG_INFORMATION_FORMAT = "dwarf-with-dsym";
				ENABLE_NS_ASSERTIONS = NO;
				ENABLE_STRICT_OBJC_MSGSEND = YES;
				GCC_C_LANGUAGE_STANDARD = gnu99;
				GCC_NO_COMMON_BLOCKS = YES;
				GCC_WARN_64_TO_32_BIT_CONVERSION = YES;
				GCC_WARN_ABOUT_RETURN_TYPE = YES_ERROR;
				GCC_WARN_UNDECLARED_SELECTOR = YES;
				GCC_WARN_UNINITIALIZED_AUTOS = YES_AGGRESSIVE;
				GCC_WARN_UNUSED_FUNCTION = YES;
				GCC_WARN_UNUSED_VARIABLE = YES;
				IPHONEOS_DEPLOYMENT_TARGET = 8.3;
				MTL_ENABLE_DEBUG_INFO = NO;
				SDKROOT = iphoneos;
				VALIDATE_PRODUCT = YES;
			};
			name = Release;
		};
		B5AF52611B3F0B9800CA092A /* Debug */ = {
			isa = XCBuildConfiguration;
			buildSettings = {
				ASSETCATALOG_COMPILER_APPICON_NAME = AppIcon;
				INFOPLIST_FILE = "CF-HW8/Info.plist";
				LD_RUNPATH_SEARCH_PATHS = "$(inherited) @executable_path/Frameworks";
				PRODUCT_NAME = "$(TARGET_NAME)";
			};
			name = Debug;
		};
		B5AF52621B3F0B9800CA092A /* Release */ = {
			isa = XCBuildConfiguration;
			buildSettings = {
				ASSETCATALOG_COMPILER_APPICON_NAME = AppIcon;
				INFOPLIST_FILE = "CF-HW8/Info.plist";
				LD_RUNPATH_SEARCH_PATHS = "$(inherited) @executable_path/Frameworks";
				PRODUCT_NAME = "$(TARGET_NAME)";
			};
			name = Release;
		};
		B5AF52641B3F0B9800CA092A /* Debug */ = {
			isa = XCBuildConfiguration;
			buildSettings = {
				BUNDLE_LOADER = "$(TEST_HOST)";
				FRAMEWORK_SEARCH_PATHS = (
					"$(SDKROOT)/Developer/Library/Frameworks",
					"$(inherited)",
				);
				GCC_PREPROCESSOR_DEFINITIONS = (
					"DEBUG=1",
					"$(inherited)",
				);
				INFOPLIST_FILE = "CF-HW8Tests/Info.plist";
				LD_RUNPATH_SEARCH_PATHS = "$(inherited) @executable_path/Frameworks @loader_path/Frameworks";
				PRODUCT_NAME = "$(TARGET_NAME)";
				TEST_HOST = "$(BUILT_PRODUCTS_DIR)/CF-HW8.app/CF-HW8";
			};
			name = Debug;
		};
		B5AF52651B3F0B9800CA092A /* Release */ = {
			isa = XCBuildConfiguration;
			buildSettings = {
				BUNDLE_LOADER = "$(TEST_HOST)";
				FRAMEWORK_SEARCH_PATHS = (
					"$(SDKROOT)/Developer/Library/Frameworks",
					"$(inherited)",
				);
				INFOPLIST_FILE = "CF-HW8Tests/Info.plist";
				LD_RUNPATH_SEARCH_PATHS = "$(inherited) @executable_path/Frameworks @loader_path/Frameworks";
				PRODUCT_NAME = "$(TARGET_NAME)";
				TEST_HOST = "$(BUILT_PRODUCTS_DIR)/CF-HW8.app/CF-HW8";
			};
			name = Release;
		};
/* End XCBuildConfiguration section */

/* Begin XCConfigurationList section */
		B5AF523C1B3F0B9800CA092A /* Build configuration list for PBXProject "CF-HW8" */ = {
			isa = XCConfigurationList;
			buildConfigurations = (
				B5AF525E1B3F0B9800CA092A /* Debug */,
				B5AF525F1B3F0B9800CA092A /* Release */,
			);
			defaultConfigurationIsVisible = 0;
			defaultConfigurationName = Release;
		};
		B5AF52601B3F0B9800CA092A /* Build configuration list for PBXNativeTarget "CF-HW8" */ = {
			isa = XCConfigurationList;
			buildConfigurations = (
				B5AF52611B3F0B9800CA092A /* Debug */,
				B5AF52621B3F0B9800CA092A /* Release */,
			);
			defaultConfigurationIsVisible = 0;
		};
		B5AF52631B3F0B9800CA092A /* Build configuration list for PBXNativeTarget "CF-HW8Tests" */ = {
			isa = XCConfigurationList;
			buildConfigurations = (
				B5AF52641B3F0B9800CA092A /* Debug */,
				B5AF52651B3F0B9800CA092A /* Release */,
			);
			defaultConfigurationIsVisible = 0;
		};
/* End XCConfigurationList section */
	};
	rootObject = B5AF52391B3F0B9800CA092A /* Project object */;
}
