// !$*UTF8*$!
{
	archiveVersion = 1;
	classes = {
	};
	objectVersion = 46;
	objects = {

/* Begin PBXBuildFile section */
		B51432101B3926F500B51DAB /* AppDelegate.swift in Sources */ = {isa = PBXBuildFile; fileRef = B514320F1B3926F500B51DAB /* AppDelegate.swift */; };
		B51432121B3926F500B51DAB /* ViewController.swift in Sources */ = {isa = PBXBuildFile; fileRef = B51432111B3926F500B51DAB /* ViewController.swift */; };
		B51432151B3926F500B51DAB /* Main.storyboard in Resources */ = {isa = PBXBuildFile; fileRef = B51432131B3926F500B51DAB /* Main.storyboard */; };
		B51432171B3926F500B51DAB /* Images.xcassets in Resources */ = {isa = PBXBuildFile; fileRef = B51432161B3926F500B51DAB /* Images.xcassets */; };
		B514321A1B3926F500B51DAB /* LaunchScreen.xib in Resources */ = {isa = PBXBuildFile; fileRef = B51432181B3926F500B51DAB /* LaunchScreen.xib */; };
		B51432261B3926F500B51DAB /* CF_C40_HW7Tests.swift in Sources */ = {isa = PBXBuildFile; fileRef = B51432251B3926F500B51DAB /* CF_C40_HW7Tests.swift */; };
		B51432301B39273400B51DAB /* Cities.plist in Resources */ = {isa = PBXBuildFile; fileRef = B514322F1B39273400B51DAB /* Cities.plist */; };
		B5C5B7531B3A381100E7857B /* City.swift in Sources */ = {isa = PBXBuildFile; fileRef = B5C5B7521B3A381100E7857B /* City.swift */; };
		B5C5B7551B3A39CD00E7857B /* DetailViewController.swift in Sources */ = {isa = PBXBuildFile; fileRef = B5C5B7541B3A39CD00E7857B /* DetailViewController.swift */; };
		B5C5B7591B3A54CA00E7857B /* TableViewCell.swift in Sources */ = {isa = PBXBuildFile; fileRef = B5C5B7581B3A54CA00E7857B /* TableViewCell.swift */; };
		B5C5B75B1B3A562E00E7857B /* Space_Needle_Downtown_and_Mt_Rainier-Seattle2.jpg in Resources */ = {isa = PBXBuildFile; fileRef = B5C5B75A1B3A562E00E7857B /* Space_Needle_Downtown_and_Mt_Rainier-Seattle2.jpg */; };
		B5C5B75D1B3A6C0C00E7857B /* Getting Focused, New York City.jpg in Resources */ = {isa = PBXBuildFile; fileRef = B5C5B75C1B3A6C0C00E7857B /* Getting Focused, New York City.jpg */; };
/* End PBXBuildFile section */

/* Begin PBXContainerItemProxy section */
		B51432201B3926F500B51DAB /* PBXContainerItemProxy */ = {
			isa = PBXContainerItemProxy;
			containerPortal = B51432021B3926F500B51DAB /* Project object */;
			proxyType = 1;
			remoteGlobalIDString = B51432091B3926F500B51DAB;
			remoteInfo = "CF-C40-HW7";
		};
/* End PBXContainerItemProxy section */

/* Begin PBXFileReference section */
		B514320A1B3926F500B51DAB /* CF-C40-HW7.app */ = {isa = PBXFileReference; explicitFileType = wrapper.application; includeInIndex = 0; path = "CF-C40-HW7.app"; sourceTree = BUILT_PRODUCTS_DIR; };
		B514320E1B3926F500B51DAB /* Info.plist */ = {isa = PBXFileReference; lastKnownFileType = text.plist.xml; path = Info.plist; sourceTree = "<group>"; };
		B514320F1B3926F500B51DAB /* AppDelegate.swift */ = {isa = PBXFileReference; lastKnownFileType = sourcecode.swift; path = AppDelegate.swift; sourceTree = "<group>"; };
		B51432111B3926F500B51DAB /* ViewController.swift */ = {isa = PBXFileReference; lastKnownFileType = sourcecode.swift; path = ViewController.swift; sourceTree = "<group>"; };
		B51432141B3926F500B51DAB /* Base */ = {isa = PBXFileReference; lastKnownFileType = file.storyboard; name = Base; path = Base.lproj/Main.storyboard; sourceTree = "<group>"; };
		B51432161B3926F500B51DAB /* Images.xcassets */ = {isa = PBXFileReference; lastKnownFileType = folder.assetcatalog; path = Images.xcassets; sourceTree = "<group>"; };
		B51432191B3926F500B51DAB /* Base */ = {isa = PBXFileReference; lastKnownFileType = file.xib; name = Base; path = Base.lproj/LaunchScreen.xib; sourceTree = "<group>"; };
		B514321F1B3926F500B51DAB /* CF-C40-HW7Tests.xctest */ = {isa = PBXFileReference; explicitFileType = wrapper.cfbundle; includeInIndex = 0; path = "CF-C40-HW7Tests.xctest"; sourceTree = BUILT_PRODUCTS_DIR; };
		B51432241B3926F500B51DAB /* Info.plist */ = {isa = PBXFileReference; lastKnownFileType = text.plist.xml; path = Info.plist; sourceTree = "<group>"; };
		B51432251B3926F500B51DAB /* CF_C40_HW7Tests.swift */ = {isa = PBXFileReference; lastKnownFileType = sourcecode.swift; path = CF_C40_HW7Tests.swift; sourceTree = "<group>"; };
		B514322F1B39273400B51DAB /* Cities.plist */ = {isa = PBXFileReference; fileEncoding = 4; lastKnownFileType = text.plist.xml; name = Cities.plist; path = ../Cities.plist; sourceTree = "<group>"; };
		B5C5B7521B3A381100E7857B /* City.swift */ = {isa = PBXFileReference; fileEncoding = 4; lastKnownFileType = sourcecode.swift; path = City.swift; sourceTree = "<group>"; };
		B5C5B7541B3A39CD00E7857B /* DetailViewController.swift */ = {isa = PBXFileReference; fileEncoding = 4; lastKnownFileType = sourcecode.swift; path = DetailViewController.swift; sourceTree = "<group>"; };
		B5C5B7581B3A54CA00E7857B /* TableViewCell.swift */ = {isa = PBXFileReference; fileEncoding = 4; lastKnownFileType = sourcecode.swift; path = TableViewCell.swift; sourceTree = "<group>"; };
		B5C5B75A1B3A562E00E7857B /* Space_Needle_Downtown_and_Mt_Rainier-Seattle2.jpg */ = {isa = PBXFileReference; lastKnownFileType = image.jpeg; path = "Space_Needle_Downtown_and_Mt_Rainier-Seattle2.jpg"; sourceTree = "<group>"; };
		B5C5B75C1B3A6C0C00E7857B /* Getting Focused, New York City.jpg */ = {isa = PBXFileReference; lastKnownFileType = image.jpeg; path = "Getting Focused, New York City.jpg"; sourceTree = "<group>"; };
/* End PBXFileReference section */

/* Begin PBXFrameworksBuildPhase section */
		B51432071B3926F500B51DAB /* Frameworks */ = {
			isa = PBXFrameworksBuildPhase;
			buildActionMask = 2147483647;
			files = (
			);
			runOnlyForDeploymentPostprocessing = 0;
		};
		B514321C1B3926F500B51DAB /* Frameworks */ = {
			isa = PBXFrameworksBuildPhase;
			buildActionMask = 2147483647;
			files = (
			);
			runOnlyForDeploymentPostprocessing = 0;
		};
/* End PBXFrameworksBuildPhase section */

/* Begin PBXGroup section */
		B51432011B3926F500B51DAB = {
			isa = PBXGroup;
			children = (
				B514320C1B3926F500B51DAB /* CF-C40-HW7 */,
				B51432221B3926F500B51DAB /* CF-C40-HW7Tests */,
				B514320B1B3926F500B51DAB /* Products */,
			);
			sourceTree = "<group>";
		};
		B514320B1B3926F500B51DAB /* Products */ = {
			isa = PBXGroup;
			children = (
				B514320A1B3926F500B51DAB /* CF-C40-HW7.app */,
				B514321F1B3926F500B51DAB /* CF-C40-HW7Tests.xctest */,
			);
			name = Products;
			sourceTree = "<group>";
		};
		B514320C1B3926F500B51DAB /* CF-C40-HW7 */ = {
			isa = PBXGroup;
			children = (
				B51432331B39279E00B51DAB /* Controller */,
				B51432321B39279200B51DAB /* View */,
				B51432311B39278900B51DAB /* Model */,
				B514320F1B3926F500B51DAB /* AppDelegate.swift */,
				B51432161B3926F500B51DAB /* Images.xcassets */,
				B51432181B3926F500B51DAB /* LaunchScreen.xib */,
				B514320D1B3926F500B51DAB /* Supporting Files */,
			);
			path = "CF-C40-HW7";
			sourceTree = "<group>";
		};
		B514320D1B3926F500B51DAB /* Supporting Files */ = {
			isa = PBXGroup;
			children = (
				B514322F1B39273400B51DAB /* Cities.plist */,
				B5C5B75C1B3A6C0C00E7857B /* Getting Focused, New York City.jpg */,
				B5C5B75A1B3A562E00E7857B /* Space_Needle_Downtown_and_Mt_Rainier-Seattle2.jpg */,
				B514320E1B3926F500B51DAB /* Info.plist */,
			);
			name = "Supporting Files";
			sourceTree = "<group>";
		};
		B51432221B3926F500B51DAB /* CF-C40-HW7Tests */ = {
			isa = PBXGroup;
			children = (
				B51432251B3926F500B51DAB /* CF_C40_HW7Tests.swift */,
				B51432231B3926F500B51DAB /* Supporting Files */,
			);
			path = "CF-C40-HW7Tests";
			sourceTree = "<group>";
		};
		B51432231B3926F500B51DAB /* Supporting Files */ = {
			isa = PBXGroup;
			children = (
				B51432241B3926F500B51DAB /* Info.plist */,
			);
			name = "Supporting Files";
			sourceTree = "<group>";
		};
		B51432311B39278900B51DAB /* Model */ = {
			isa = PBXGroup;
			children = (
				B5C5B7521B3A381100E7857B /* City.swift */,
			);
			name = Model;
			sourceTree = "<group>";
		};
		B51432321B39279200B51DAB /* View */ = {
			isa = PBXGroup;
			children = (
				B51432131B3926F500B51DAB /* Main.storyboard */,
				B5C5B7581B3A54CA00E7857B /* TableViewCell.swift */,
			);
			name = View;
			sourceTree = "<group>";
		};
		B51432331B39279E00B51DAB /* Controller */ = {
			isa = PBXGroup;
			children = (
				B51432111B3926F500B51DAB /* ViewController.swift */,
				B5C5B7541B3A39CD00E7857B /* DetailViewController.swift */,
			);
			name = Controller;
			sourceTree = "<group>";
		};
/* End PBXGroup section */

/* Begin PBXNativeTarget section */
		B51432091B3926F500B51DAB /* CF-C40-HW7 */ = {
			isa = PBXNativeTarget;
			buildConfigurationList = B51432291B3926F500B51DAB /* Build configuration list for PBXNativeTarget "CF-C40-HW7" */;
			buildPhases = (
				B51432061B3926F500B51DAB /* Sources */,
				B51432071B3926F500B51DAB /* Frameworks */,
				B51432081B3926F500B51DAB /* Resources */,
			);
			buildRules = (
			);
			dependencies = (
			);
			name = "CF-C40-HW7";
			productName = "CF-C40-HW7";
			productReference = B514320A1B3926F500B51DAB /* CF-C40-HW7.app */;
			productType = "com.apple.product-type.application";
		};
		B514321E1B3926F500B51DAB /* CF-C40-HW7Tests */ = {
			isa = PBXNativeTarget;
			buildConfigurationList = B514322C1B3926F500B51DAB /* Build configuration list for PBXNativeTarget "CF-C40-HW7Tests" */;
			buildPhases = (
				B514321B1B3926F500B51DAB /* Sources */,
				B514321C1B3926F500B51DAB /* Frameworks */,
				B514321D1B3926F500B51DAB /* Resources */,
			);
			buildRules = (
			);
			dependencies = (
				B51432211B3926F500B51DAB /* PBXTargetDependency */,
			);
			name = "CF-C40-HW7Tests";
			productName = "CF-C40-HW7Tests";
			productReference = B514321F1B3926F500B51DAB /* CF-C40-HW7Tests.xctest */;
			productType = "com.apple.product-type.bundle.unit-test";
		};
/* End PBXNativeTarget section */

/* Begin PBXProject section */
		B51432021B3926F500B51DAB /* Project object */ = {
			isa = PBXProject;
			attributes = {
				LastUpgradeCheck = 0630;
				ORGANIZATIONNAME = "Robert Vets";
				TargetAttributes = {
					B51432091B3926F500B51DAB = {
						CreatedOnToolsVersion = 6.3.2;
						DevelopmentTeam = SH4AJNDZF3;
					};
					B514321E1B3926F500B51DAB = {
						CreatedOnToolsVersion = 6.3.2;
						TestTargetID = B51432091B3926F500B51DAB;
					};
				};
			};
			buildConfigurationList = B51432051B3926F500B51DAB /* Build configuration list for PBXProject "CF-C40-HW7" */;
			compatibilityVersion = "Xcode 3.2";
			developmentRegion = English;
			hasScannedForEncodings = 0;
			knownRegions = (
				en,
				Base,
			);
			mainGroup = B51432011B3926F500B51DAB;
			productRefGroup = B514320B1B3926F500B51DAB /* Products */;
			projectDirPath = "";
			projectRoot = "";
			targets = (
				B51432091B3926F500B51DAB /* CF-C40-HW7 */,
				B514321E1B3926F500B51DAB /* CF-C40-HW7Tests */,
			);
		};
/* End PBXProject section */

/* Begin PBXResourcesBuildPhase section */
		B51432081B3926F500B51DAB /* Resources */ = {
			isa = PBXResourcesBuildPhase;
			buildActionMask = 2147483647;
			files = (
				B5C5B75D1B3A6C0C00E7857B /* Getting Focused, New York City.jpg in Resources */,
				B51432151B3926F500B51DAB /* Main.storyboard in Resources */,
				B514321A1B3926F500B51DAB /* LaunchScreen.xib in Resources */,
				B51432301B39273400B51DAB /* Cities.plist in Resources */,
				B5C5B75B1B3A562E00E7857B /* Space_Needle_Downtown_and_Mt_Rainier-Seattle2.jpg in Resources */,
				B51432171B3926F500B51DAB /* Images.xcassets in Resources */,
			);
			runOnlyForDeploymentPostprocessing = 0;
		};
		B514321D1B3926F500B51DAB /* Resources */ = {
			isa = PBXResourcesBuildPhase;
			buildActionMask = 2147483647;
			files = (
			);
			runOnlyForDeploymentPostprocessing = 0;
		};
/* End PBXResourcesBuildPhase section */

/* Begin PBXSourcesBuildPhase section */
		B51432061B3926F500B51DAB /* Sources */ = {
			isa = PBXSourcesBuildPhase;
			buildActionMask = 2147483647;
			files = (
				B51432121B3926F500B51DAB /* ViewController.swift in Sources */,
				B51432101B3926F500B51DAB /* AppDelegate.swift in Sources */,
				B5C5B7591B3A54CA00E7857B /* TableViewCell.swift in Sources */,
				B5C5B7531B3A381100E7857B /* City.swift in Sources */,
				B5C5B7551B3A39CD00E7857B /* DetailViewController.swift in Sources */,
			);
			runOnlyForDeploymentPostprocessing = 0;
		};
		B514321B1B3926F500B51DAB /* Sources */ = {
			isa = PBXSourcesBuildPhase;
			buildActionMask = 2147483647;
			files = (
				B51432261B3926F500B51DAB /* CF_C40_HW7Tests.swift in Sources */,
			);
			runOnlyForDeploymentPostprocessing = 0;
		};
/* End PBXSourcesBuildPhase section */

/* Begin PBXTargetDependency section */
		B51432211B3926F500B51DAB /* PBXTargetDependency */ = {
			isa = PBXTargetDependency;
			target = B51432091B3926F500B51DAB /* CF-C40-HW7 */;
			targetProxy = B51432201B3926F500B51DAB /* PBXContainerItemProxy */;
		};
/* End PBXTargetDependency section */

/* Begin PBXVariantGroup section */
		B51432131B3926F500B51DAB /* Main.storyboard */ = {
			isa = PBXVariantGroup;
			children = (
				B51432141B3926F500B51DAB /* Base */,
			);
			name = Main.storyboard;
			sourceTree = "<group>";
		};
		B51432181B3926F500B51DAB /* LaunchScreen.xib */ = {
			isa = PBXVariantGroup;
			children = (
				B51432191B3926F500B51DAB /* Base */,
			);
			name = LaunchScreen.xib;
			sourceTree = "<group>";
		};
/* End PBXVariantGroup section */

/* Begin XCBuildConfiguration section */
		B51432271B3926F500B51DAB /* Debug */ = {
			isa = XCBuildConfiguration;
			buildSettings = {
				ALWAYS_SEARCH_USER_PATHS = NO;
				CLANG_CXX_LANGUAGE_STANDARD = "gnu++0x";
				CLANG_CXX_LIBRARY = "libc++";
				CLANG_ENABLE_MODULES = YES;
				CLANG_ENABLE_OBJC_ARC = YES;
				CLANG_WARN_BOOL_CONVERSION = YES;
				CLANG_WARN_CONSTANT_CONVERSION = YES;
				CLANG_WARN_DIRECT_OBJC_ISA_USAGE = YES_ERROR;
				CLANG_WARN_EMPTY_BODY = YES;
				CLANG_WARN_ENUM_CONVERSION = YES;
				CLANG_WARN_INT_CONVERSION = YES;
				CLANG_WARN_OBJC_ROOT_CLASS = YES_ERROR;
				CLANG_WARN_UNREACHABLE_CODE = YES;
				CLANG_WARN__DUPLICATE_METHOD_MATCH = YES;
				"CODE_SIGN_IDENTITY[sdk=iphoneos*]" = "iPhone Developer";
				COPY_PHASE_STRIP = NO;
				DEBUG_INFORMATION_FORMAT = "dwarf-with-dsym";
				ENABLE_STRICT_OBJC_MSGSEND = YES;
				GCC_C_LANGUAGE_STANDARD = gnu99;
				GCC_DYNAMIC_NO_PIC = NO;
				GCC_NO_COMMON_BLOCKS = YES;
				GCC_OPTIMIZATION_LEVEL = 0;
				GCC_PREPROCESSOR_DEFINITIONS = (
					"DEBUG=1",
					"$(inherited)",
				);
				GCC_SYMBOLS_PRIVATE_EXTERN = NO;
				GCC_WARN_64_TO_32_BIT_CONVERSION = YES;
				GCC_WARN_ABOUT_RETURN_TYPE = YES_ERROR;
				GCC_WARN_UNDECLARED_SELECTOR = YES;
				GCC_WARN_UNINITIALIZED_AUTOS = YES_AGGRESSIVE;
				GCC_WARN_UNUSED_FUNCTION = YES;
				GCC_WARN_UNUSED_VARIABLE = YES;
				IPHONEOS_DEPLOYMENT_TARGET = 8.3;
				MTL_ENABLE_DEBUG_INFO = YES;
				ONLY_ACTIVE_ARCH = YES;
				SDKROOT = iphoneos;
				SWIFT_OPTIMIZATION_LEVEL = "-Onone";
			};
			name = Debug;
		};
		B51432281B3926F500B51DAB /* Release */ = {
			isa = XCBuildConfiguration;
			buildSettings = {
				ALWAYS_SEARCH_USER_PATHS = NO;
				CLANG_CXX_LANGUAGE_STANDARD = "gnu++0x";
				CLANG_CXX_LIBRARY = "libc++";
				CLANG_ENABLE_MODULES = YES;
				CLANG_ENABLE_OBJC_ARC = YES;
				CLANG_WARN_BOOL_CONVERSION = YES;
				CLANG_WARN_CONSTANT_CONVERSION = YES;
				CLANG_WARN_DIRECT_OBJC_ISA_USAGE = YES_ERROR;
				CLANG_WARN_EMPTY_BODY = YES;
				CLANG_WARN_ENUM_CONVERSION = YES;
				CLANG_WARN_INT_CONVERSION = YES;
				CLANG_WARN_OBJC_ROOT_CLASS = YES_ERROR;
				CLANG_WARN_UNREACHABLE_CODE = YES;
				CLANG_WARN__DUPLICATE_METHOD_MATCH = YES;
				"CODE_SIGN_IDENTITY[sdk=iphoneos*]" = "iPhone Developer";
				COPY_PHASE_STRIP = NO;
				DEBUG_INFORMATION_FORMAT = "dwarf-with-dsym";
				ENABLE_NS_ASSERTIONS = NO;
				ENABLE_STRICT_OBJC_MSGSEND = YES;
				GCC_C_LANGUAGE_STANDARD = gnu99;
				GCC_NO_COMMON_BLOCKS = YES;
				GCC_WARN_64_TO_32_BIT_CONVERSION = YES;
				GCC_WARN_ABOUT_RETURN_TYPE = YES_ERROR;
				GCC_WARN_UNDECLARED_SELECTOR = YES;
				GCC_WARN_UNINITIALIZED_AUTOS = YES_AGGRESSIVE;
				GCC_WARN_UNUSED_FUNCTION = YES;
				GCC_WARN_UNUSED_VARIABLE = YES;
				IPHONEOS_DEPLOYMENT_TARGET = 8.3;
				MTL_ENABLE_DEBUG_INFO = NO;
				SDKROOT = iphoneos;
				VALIDATE_PRODUCT = YES;
			};
			name = Release;
		};
		B514322A1B3926F500B51DAB /* Debug */ = {
			isa = XCBuildConfiguration;
			buildSettings = {
				ASSETCATALOG_COMPILER_APPICON_NAME = AppIcon;
				CODE_SIGN_IDENTITY = "iPhone Developer";
				"CODE_SIGN_IDENTITY[sdk=iphoneos*]" = "iPhone Developer";
				INFOPLIST_FILE = "CF-C40-HW7/Info.plist";
				LD_RUNPATH_SEARCH_PATHS = "$(inherited) @executable_path/Frameworks";
				PRODUCT_NAME = "$(TARGET_NAME)";
				PROVISIONING_PROFILE = "";
			};
			name = Debug;
		};
		B514322B1B3926F500B51DAB /* Release */ = {
			isa = XCBuildConfiguration;
			buildSettings = {
				ASSETCATALOG_COMPILER_APPICON_NAME = AppIcon;
				CODE_SIGN_IDENTITY = "iPhone Developer";
				"CODE_SIGN_IDENTITY[sdk=iphoneos*]" = "iPhone Developer";
				INFOPLIST_FILE = "CF-C40-HW7/Info.plist";
				LD_RUNPATH_SEARCH_PATHS = "$(inherited) @executable_path/Frameworks";
				PRODUCT_NAME = "$(TARGET_NAME)";
				PROVISIONING_PROFILE = "";
			};
			name = Release;
		};
		B514322D1B3926F500B51DAB /* Debug */ = {
			isa = XCBuildConfiguration;
			buildSettings = {
				BUNDLE_LOADER = "$(TEST_HOST)";
				FRAMEWORK_SEARCH_PATHS = (
					"$(SDKROOT)/Developer/Library/Frameworks",
					"$(inherited)",
				);
				GCC_PREPROCESSOR_DEFINITIONS = (
					"DEBUG=1",
					"$(inherited)",
				);
				INFOPLIST_FILE = "CF-C40-HW7Tests/Info.plist";
				LD_RUNPATH_SEARCH_PATHS = "$(inherited) @executable_path/Frameworks @loader_path/Frameworks";
				PRODUCT_NAME = "$(TARGET_NAME)";
				TEST_HOST = "$(BUILT_PRODUCTS_DIR)/CF-C40-HW7.app/CF-C40-HW7";
			};
			name = Debug;
		};
		B514322E1B3926F500B51DAB /* Release */ = {
			isa = XCBuildConfiguration;
			buildSettings = {
				BUNDLE_LOADER = "$(TEST_HOST)";
				FRAMEWORK_SEARCH_PATHS = (
					"$(SDKROOT)/Developer/Library/Frameworks",
					"$(inherited)",
				);
				INFOPLIST_FILE = "CF-C40-HW7Tests/Info.plist";
				LD_RUNPATH_SEARCH_PATHS = "$(inherited) @executable_path/Frameworks @loader_path/Frameworks";
				PRODUCT_NAME = "$(TARGET_NAME)";
				TEST_HOST = "$(BUILT_PRODUCTS_DIR)/CF-C40-HW7.app/CF-C40-HW7";
			};
			name = Release;
		};
/* End XCBuildConfiguration section */

/* Begin XCConfigurationList section */
		B51432051B3926F500B51DAB /* Build configuration list for PBXProject "CF-C40-HW7" */ = {
			isa = XCConfigurationList;
			buildConfigurations = (
				B51432271B3926F500B51DAB /* Debug */,
				B51432281B3926F500B51DAB /* Release */,
			);
			defaultConfigurationIsVisible = 0;
			defaultConfigurationName = Release;
		};
		B51432291B3926F500B51DAB /* Build configuration list for PBXNativeTarget "CF-C40-HW7" */ = {
			isa = XCConfigurationList;
			buildConfigurations = (
				B514322A1B3926F500B51DAB /* Debug */,
				B514322B1B3926F500B51DAB /* Release */,
			);
			defaultConfigurationIsVisible = 0;
			defaultConfigurationName = Release;
		};
		B514322C1B3926F500B51DAB /* Build configuration list for PBXNativeTarget "CF-C40-HW7Tests" */ = {
			isa = XCConfigurationList;
			buildConfigurations = (
				B514322D1B3926F500B51DAB /* Debug */,
				B514322E1B3926F500B51DAB /* Release */,
			);
			defaultConfigurationIsVisible = 0;
			defaultConfigurationName = Release;
		};
/* End XCConfigurationList section */
	};
	rootObject = B51432021B3926F500B51DAB /* Project object */;
}
